
Microsoft Visual Studio Solution File, Format Version 12.00
# Visual Studio Version 17
VisualStudioVersion = 17.5.002.0
MinimumVisualStudioVersion = 10.0.40219.1
Project("{9A19103F-16F7-4668-BE54-9A1E7A4F7556}") = "ScreenSound", "ScreenSound.csproj", "{33A1DE6A-5158-4AD9-A269-0B1F2DED5571}"
EndProject
Global
	GlobalSection(SolutionConfigurationPlatforms) = preSolution
		Debug|Any CPU = Debug|Any CPU
		Release|Any CPU = Release|Any CPU
	EndGlobalSection
	GlobalSection(ProjectConfigurationPlatforms) = postSolution
		{33A1DE6A-5158-4AD9-A269-0B1F2DED5571}.Debug|Any CPU.ActiveCfg = Debug|Any CPU
		{33A1DE6A-5158-4AD9-A269-0B1F2DED5571}.Debug|Any CPU.Build.0 = Debug|Any CPU
		{33A1DE6A-5158-4AD9-A269-0B1F2DED5571}.Release|Any CPU.ActiveCfg = Release|Any CPU
		{33A1DE6A-5158-4AD9-A269-0B1F2DED5571}.Release|Any CPU.Build.0 = Release|Any CPU
	EndGlobalSection
	GlobalSection(SolutionProperties) = preSolution
		HideSolutionNode = FALSE
	EndGlobalSection
	GlobalSection(ExtensibilityGlobals) = postSolution
		SolutionGuid = {72090125-B766-4359-A296-92DC5713DA2B}
	EndGlobalSection
EndGlobal
